{
  "name": "gdpr",
  "version": "1.0.0",
  "lockfileVersion": 3,
  "requires": true,
  "packages": {
    "": {
      "name": "gdpr",
      "version": "1.0.0",
      "license": "ISC",
      "devDependencies": {
        "@alpinejs/csp": "^3.14.9",
        "@types/alpinejs": "^3.13.11",
        "typescript": "^5.9.2"
      }
    },
    "node_modules/@alpinejs/csp": {
      "version": "3.14.9",
      "resolved": "https://registry.npmjs.org/@alpinejs/csp/-/csp-3.14.9.tgz",
      "integrity": "sha512-Z/aeDo4Wn4bA4+u77kw9h+nGGW+QzbR2ULTQ1pwOFWk3j2SZtTTI1ZM6FrYOqkFUcwo44e12pY+Y/Va6GTIlFQ==",
      "dev": true,
      "license": "MIT",
      "dependencies": {
        "@vue/reactivity": "~3.1.1"
      }
    },
    "node_modules/@types/alpinejs": {
      "version": "3.13.11",
      "resolved": "https://registry.npmjs.org/@types/alpinejs/-/alpinejs-3.13.11.tgz",
      "integrity": "sha512-3KhGkDixCPiLdL3Z/ok1GxHwLxEWqQOKJccgaQL01wc0EVM2tCTaqlC3NIedmxAXkVzt/V6VTM8qPgnOHKJ1MA==",
      "dev": true,
      "license": "MIT"
    },
    "node_modules/@vue/reactivity": {
      "version": "3.1.5",
      "resolved": "https://registry.npmjs.org/@vue/reactivity/-/reactivity-3.1.5.tgz",
      "integrity": "sha512-1tdfLmNjWG6t/CsPldh+foumYFo3cpyCHgBYQ34ylaMsJ+SNHQ1kApMIa8jN+i593zQuaw3AdWH0nJTARzCFhg==",
      "dev": true,
      "license": "MIT",
      "dependencies": {
        "@vue/shared": "3.1.5"
      }
    },
    "node_modules/@vue/shared": {
      "version": "3.1.5",
      "resolved": "https://registry.npmjs.org/@vue/shared/-/shared-3.1.5.tgz",
      "integrity": "sha512-oJ4F3TnvpXaQwZJNF3ZK+kLPHKarDmJjJ6jyzVNDKH9md1dptjC7lWR//jrGuLdek/U6iltWxqAnYOu8gCiOvA==",
      "dev": true,
      "license": "MIT"
    },
    "node_modules/typescript": {
      "version": "5.9.2",
      "resolved": "https://registry.npmjs.org/typescript/-/typescript-5.9.2.tgz",
      "integrity": "sha512-CWBzXQrc/qOkhidw1OzBTQuYRbfyxDXJMVJ1XNwUHGROVmuaeiEm3OslpZ1RV96d7SKKjZKrSJu3+t/xlw3R9A==",
      "dev": true,
      "license": "Apache-2.0",
      "bin": {
        "tsc": "bin/tsc",
        "tsserver": "bin/tsserver"
      },
      "engines": {
        "node": ">=14.17"
      }
    }
  }
}
